// !$*UTF8*$!
{
	archiveVersion = 1;
	classes = {
	};
	objectVersion = 56;
	objects = {

/* Begin PBXBuildFile section */
		EA0A7F982A0FB90200E02854 /* TallyListOf9CellView.swift in Sources */ = {isa = PBXBuildFile; fileRef = EA0A7F972A0FB90200E02854 /* TallyListOf9CellView.swift */; };
		EA3465212A0D0F3B005C1254 /* Constants.swift in Sources */ = {isa = PBXBuildFile; fileRef = EA3465202A0D0F3B005C1254 /* Constants.swift */; };
		EA3465242A0D137F005C1254 /* TallyCountryView.swift in Sources */ = {isa = PBXBuildFile; fileRef = EA3465232A0D137F005C1254 /* TallyCountryView.swift */; };
		EA3465262A0D13F0005C1254 /* TallyListOf9View.swift in Sources */ = {isa = PBXBuildFile; fileRef = EA3465252A0D13F0005C1254 /* TallyListOf9View.swift */; };
		EA3465282A0D2679005C1254 /* TallyPoints12View.swift in Sources */ = {isa = PBXBuildFile; fileRef = EA3465272A0D2679005C1254 /* TallyPoints12View.swift */; };
		EA34652A2A0D2714005C1254 /* TallyScoreboardView.swift in Sources */ = {isa = PBXBuildFile; fileRef = EA3465292A0D2714005C1254 /* TallyScoreboardView.swift */; };
		EA34652C2A0D2BAB005C1254 /* TallyWinnerDeterminedView.swift in Sources */ = {isa = PBXBuildFile; fileRef = EA34652B2A0D2BAB005C1254 /* TallyWinnerDeterminedView.swift */; };
		EA34652E2A0D2BC8005C1254 /* TallyFinalView.swift in Sources */ = {isa = PBXBuildFile; fileRef = EA34652D2A0D2BC8005C1254 /* TallyFinalView.swift */; };
		EA3465302A0D326C005C1254 /* Scoreboard.swift in Sources */ = {isa = PBXBuildFile; fileRef = EA34652F2A0D326C005C1254 /* Scoreboard.swift */; };
		EA8363172A0F7C9C00FA2678 /* VoteDetailCellView.swift in Sources */ = {isa = PBXBuildFile; fileRef = EA8363162A0F7C9C00FA2678 /* VoteDetailCellView.swift */; };
		EA8557B92A0BCE4F005C5214 /* TallyStartView.swift in Sources */ = {isa = PBXBuildFile; fileRef = EA8557B82A0BCE4F005C5214 /* TallyStartView.swift */; };
		EA8557BB2A0BD095005C5214 /* TallyManagerView.swift in Sources */ = {isa = PBXBuildFile; fileRef = EA8557BA2A0BD095005C5214 /* TallyManagerView.swift */; };
		EA8D96362A094A38008B74CF /* VoteDetailView.swift in Sources */ = {isa = PBXBuildFile; fileRef = EA8D96352A094A38008B74CF /* VoteDetailView.swift */; };
		EAD3A6A42A08D0CC0085B9D3 /* EurovisionAdminAppApp.swift in Sources */ = {isa = PBXBuildFile; fileRef = EAD3A6A32A08D0CC0085B9D3 /* EurovisionAdminAppApp.swift */; };
		EAD3A6A62A08D0CC0085B9D3 /* ContentView.swift in Sources */ = {isa = PBXBuildFile; fileRef = EAD3A6A52A08D0CC0085B9D3 /* ContentView.swift */; };
		EAD3A6A82A08D0CF0085B9D3 /* Assets.xcassets in Resources */ = {isa = PBXBuildFile; fileRef = EAD3A6A72A08D0CF0085B9D3 /* Assets.xcassets */; };
		EAD3A6AB2A08D0CF0085B9D3 /* Preview Assets.xcassets in Resources */ = {isa = PBXBuildFile; fileRef = EAD3A6AA2A08D0CF0085B9D3 /* Preview Assets.xcassets */; };
		EAD3A6B32A08D0FB0085B9D3 /* VotesSummaryView.swift in Sources */ = {isa = PBXBuildFile; fileRef = EAD3A6B22A08D0FB0085B9D3 /* VotesSummaryView.swift */; };
		EAD3A6B52A08EE650085B9D3 /* EurovisionServiceManager.swift in Sources */ = {isa = PBXBuildFile; fileRef = EAD3A6B42A08EE650085B9D3 /* EurovisionServiceManager.swift */; };
		EAD3A6B72A08EEAA0085B9D3 /* VoteModel.swift in Sources */ = {isa = PBXBuildFile; fileRef = EAD3A6B62A08EEAA0085B9D3 /* VoteModel.swift */; };
		EAD5ED172A0DBF0B00DE67B8 /* Votes.json in Resources */ = {isa = PBXBuildFile; fileRef = EA3465222A0D0F6A005C1254 /* Votes.json */; };
/* End PBXBuildFile section */

/* Begin PBXFileReference section */
		EA0A7F972A0FB90200E02854 /* TallyListOf9CellView.swift */ = {isa = PBXFileReference; lastKnownFileType = sourcecode.swift; path = TallyListOf9CellView.swift; sourceTree = "<group>"; };
		EA3465202A0D0F3B005C1254 /* Constants.swift */ = {isa = PBXFileReference; lastKnownFileType = sourcecode.swift; path = Constants.swift; sourceTree = "<group>"; };
		EA3465222A0D0F6A005C1254 /* Votes.json */ = {isa = PBXFileReference; lastKnownFileType = text.json; path = Votes.json; sourceTree = "<group>"; };
		EA3465232A0D137F005C1254 /* TallyCountryView.swift */ = {isa = PBXFileReference; lastKnownFileType = sourcecode.swift; path = TallyCountryView.swift; sourceTree = "<group>"; };
		EA3465252A0D13F0005C1254 /* TallyListOf9View.swift */ = {isa = PBXFileReference; lastKnownFileType = sourcecode.swift; path = TallyListOf9View.swift; sourceTree = "<group>"; };
		EA3465272A0D2679005C1254 /* TallyPoints12View.swift */ = {isa = PBXFileReference; lastKnownFileType = sourcecode.swift; path = TallyPoints12View.swift; sourceTree = "<group>"; };
		EA3465292A0D2714005C1254 /* TallyScoreboardView.swift */ = {isa = PBXFileReference; lastKnownFileType = sourcecode.swift; path = TallyScoreboardView.swift; sourceTree = "<group>"; };
		EA34652B2A0D2BAB005C1254 /* TallyWinnerDeterminedView.swift */ = {isa = PBXFileReference; lastKnownFileType = sourcecode.swift; path = TallyWinnerDeterminedView.swift; sourceTree = "<group>"; };
		EA34652D2A0D2BC8005C1254 /* TallyFinalView.swift */ = {isa = PBXFileReference; lastKnownFileType = sourcecode.swift; path = TallyFinalView.swift; sourceTree = "<group>"; };
		EA34652F2A0D326C005C1254 /* Scoreboard.swift */ = {isa = PBXFileReference; lastKnownFileType = sourcecode.swift; path = Scoreboard.swift; sourceTree = "<group>"; };
		EA8363162A0F7C9C00FA2678 /* VoteDetailCellView.swift */ = {isa = PBXFileReference; lastKnownFileType = sourcecode.swift; path = VoteDetailCellView.swift; sourceTree = "<group>"; };
		EA8557B82A0BCE4F005C5214 /* TallyStartView.swift */ = {isa = PBXFileReference; lastKnownFileType = sourcecode.swift; path = TallyStartView.swift; sourceTree = "<group>"; };
		EA8557BA2A0BD095005C5214 /* TallyManagerView.swift */ = {isa = PBXFileReference; lastKnownFileType = sourcecode.swift; path = TallyManagerView.swift; sourceTree = "<group>"; };
		EA8D96352A094A38008B74CF /* VoteDetailView.swift */ = {isa = PBXFileReference; lastKnownFileType = sourcecode.swift; path = VoteDetailView.swift; sourceTree = "<group>"; };
		EAA9BF1D2A10935400125DE3 /* Info.plist */ = {isa = PBXFileReference; lastKnownFileType = text.plist; path = Info.plist; sourceTree = "<group>"; };
		EAD3A6A02A08D0CB0085B9D3 /* EurovisionAdminApp.app */ = {isa = PBXFileReference; explicitFileType = wrapper.application; includeInIndex = 0; path = EurovisionAdminApp.app; sourceTree = BUILT_PRODUCTS_DIR; };
		EAD3A6A32A08D0CC0085B9D3 /* EurovisionAdminAppApp.swift */ = {isa = PBXFileReference; lastKnownFileType = sourcecode.swift; path = EurovisionAdminAppApp.swift; sourceTree = "<group>"; };
		EAD3A6A52A08D0CC0085B9D3 /* ContentView.swift */ = {isa = PBXFileReference; lastKnownFileType = sourcecode.swift; path = ContentView.swift; sourceTree = "<group>"; };
		EAD3A6A72A08D0CF0085B9D3 /* Assets.xcassets */ = {isa = PBXFileReference; lastKnownFileType = folder.assetcatalog; path = Assets.xcassets; sourceTree = "<group>"; };
		EAD3A6AA2A08D0CF0085B9D3 /* Preview Assets.xcassets */ = {isa = PBXFileReference; lastKnownFileType = folder.assetcatalog; path = "Preview Assets.xcassets"; sourceTree = "<group>"; };
		EAD3A6AC2A08D0CF0085B9D3 /* EurovisionAdminApp.entitlements */ = {isa = PBXFileReference; lastKnownFileType = text.plist.entitlements; path = EurovisionAdminApp.entitlements; sourceTree = "<group>"; };
		EAD3A6B22A08D0FB0085B9D3 /* VotesSummaryView.swift */ = {isa = PBXFileReference; lastKnownFileType = sourcecode.swift; path = VotesSummaryView.swift; sourceTree = "<group>"; };
		EAD3A6B42A08EE650085B9D3 /* EurovisionServiceManager.swift */ = {isa = PBXFileReference; lastKnownFileType = sourcecode.swift; path = EurovisionServiceManager.swift; sourceTree = "<group>"; };
		EAD3A6B62A08EEAA0085B9D3 /* VoteModel.swift */ = {isa = PBXFileReference; lastKnownFileType = sourcecode.swift; path = VoteModel.swift; sourceTree = "<group>"; };
/* End PBXFileReference section */

/* Begin PBXFrameworksBuildPhase section */
		EAD3A69D2A08D0CB0085B9D3 /* Frameworks */ = {
			isa = PBXFrameworksBuildPhase;
			buildActionMask = 2147483647;
			files = (
			);
			runOnlyForDeploymentPostprocessing = 0;
		};
/* End PBXFrameworksBuildPhase section */

/* Begin PBXGroup section */
		EA8557B22A0BCDF9005C5214 /* Models */ = {
			isa = PBXGroup;
			children = (
				EAD3A6B62A08EEAA0085B9D3 /* VoteModel.swift */,
				EA34652F2A0D326C005C1254 /* Scoreboard.swift */,
			);
			path = Models;
			sourceTree = "<group>";
		};
		EA8557B32A0BCE08005C5214 /* Views */ = {
			isa = PBXGroup;
			children = (
				EAD5ED182A0E30B000DE67B8 /* Tally Views */,
				EAD3A6B22A08D0FB0085B9D3 /* VotesSummaryView.swift */,
				EAD3A6A52A08D0CC0085B9D3 /* ContentView.swift */,
				EA8D96352A094A38008B74CF /* VoteDetailView.swift */,
				EA8363162A0F7C9C00FA2678 /* VoteDetailCellView.swift */,
			);
			path = Views;
			sourceTree = "<group>";
		};
		EAD3A6972A08D0CB0085B9D3 = {
			isa = PBXGroup;
			children = (
				EAD3A6A22A08D0CB0085B9D3 /* EurovisionAdminApp */,
				EAD3A6A12A08D0CB0085B9D3 /* Products */,
			);
			sourceTree = "<group>";
		};
		EAD3A6A12A08D0CB0085B9D3 /* Products */ = {
			isa = PBXGroup;
			children = (
				EAD3A6A02A08D0CB0085B9D3 /* EurovisionAdminApp.app */,
			);
			name = Products;
			sourceTree = "<group>";
		};
		EAD3A6A22A08D0CB0085B9D3 /* EurovisionAdminApp */ = {
			isa = PBXGroup;
			children = (
				EAA9BF1D2A10935400125DE3 /* Info.plist */,
				EA8557B32A0BCE08005C5214 /* Views */,
				EA8557B22A0BCDF9005C5214 /* Models */,
				EAD3A6A32A08D0CC0085B9D3 /* EurovisionAdminAppApp.swift */,
				EAD3A6A72A08D0CF0085B9D3 /* Assets.xcassets */,
				EAD3A6AC2A08D0CF0085B9D3 /* EurovisionAdminApp.entitlements */,
				EAD3A6A92A08D0CF0085B9D3 /* Preview Content */,
				EAD3A6B42A08EE650085B9D3 /* EurovisionServiceManager.swift */,
				EA3465202A0D0F3B005C1254 /* Constants.swift */,
				EA3465222A0D0F6A005C1254 /* Votes.json */,
			);
			path = EurovisionAdminApp;
			sourceTree = "<group>";
		};
		EAD3A6A92A08D0CF0085B9D3 /* Preview Content */ = {
			isa = PBXGroup;
			children = (
				EAD3A6AA2A08D0CF0085B9D3 /* Preview Assets.xcassets */,
			);
			path = "Preview Content";
			sourceTree = "<group>";
		};
		EAD5ED182A0E30B000DE67B8 /* Tally Views */ = {
			isa = PBXGroup;
			children = (
				EA8557B82A0BCE4F005C5214 /* TallyStartView.swift */,
				EA8557BA2A0BD095005C5214 /* TallyManagerView.swift */,
				EA3465232A0D137F005C1254 /* TallyCountryView.swift */,
				EA3465252A0D13F0005C1254 /* TallyListOf9View.swift */,
				EA3465272A0D2679005C1254 /* TallyPoints12View.swift */,
				EA3465292A0D2714005C1254 /* TallyScoreboardView.swift */,
				EA34652B2A0D2BAB005C1254 /* TallyWinnerDeterminedView.swift */,
				EA34652D2A0D2BC8005C1254 /* TallyFinalView.swift */,
				EA0A7F972A0FB90200E02854 /* TallyListOf9CellView.swift */,
			);
			path = "Tally Views";
			sourceTree = "<group>";
		};
/* End PBXGroup section */

/* Begin PBXNativeTarget section */
		EAD3A69F2A08D0CB0085B9D3 /* EurovisionAdminApp */ = {
			isa = PBXNativeTarget;
			buildConfigurationList = EAD3A6AF2A08D0CF0085B9D3 /* Build configuration list for PBXNativeTarget "EurovisionAdminApp" */;
			buildPhases = (
				EAD3A69C2A08D0CB0085B9D3 /* Sources */,
				EAD3A69D2A08D0CB0085B9D3 /* Frameworks */,
				EAD3A69E2A08D0CB0085B9D3 /* Resources */,
			);
			buildRules = (
			);
			dependencies = (
			);
			name = EurovisionAdminApp;
			productName = EurovisionAdminApp;
			productReference = EAD3A6A02A08D0CB0085B9D3 /* EurovisionAdminApp.app */;
			productType = "com.apple.product-type.application";
		};
/* End PBXNativeTarget section */

/* Begin PBXProject section */
		EAD3A6982A08D0CB0085B9D3 /* Project object */ = {
			isa = PBXProject;
			attributes = {
				BuildIndependentTargetsInParallel = 1;
				LastSwiftUpdateCheck = 1430;
				LastUpgradeCheck = 1430;
				TargetAttributes = {
					EAD3A69F2A08D0CB0085B9D3 = {
						CreatedOnToolsVersion = 14.3;
					};
				};
			};
			buildConfigurationList = EAD3A69B2A08D0CB0085B9D3 /* Build configuration list for PBXProject "EurovisionAdminApp" */;
			compatibilityVersion = "Xcode 14.0";
			developmentRegion = en;
			hasScannedForEncodings = 0;
			knownRegions = (
				en,
				Base,
			);
			mainGroup = EAD3A6972A08D0CB0085B9D3;
			productRefGroup = EAD3A6A12A08D0CB0085B9D3 /* Products */;
			projectDirPath = "";
			projectRoot = "";
			targets = (
				EAD3A69F2A08D0CB0085B9D3 /* EurovisionAdminApp */,
			);
		};
/* End PBXProject section */

/* Begin PBXResourcesBuildPhase section */
		EAD3A69E2A08D0CB0085B9D3 /* Resources */ = {
			isa = PBXResourcesBuildPhase;
			buildActionMask = 2147483647;
			files = (
				EAD5ED172A0DBF0B00DE67B8 /* Votes.json in Resources */,
				EAD3A6AB2A08D0CF0085B9D3 /* Preview Assets.xcassets in Resources */,
				EAD3A6A82A08D0CF0085B9D3 /* Assets.xcassets in Resources */,
			);
			runOnlyForDeploymentPostprocessing = 0;
		};
/* End PBXResourcesBuildPhase section */

/* Begin PBXSourcesBuildPhase section */
		EAD3A69C2A08D0CB0085B9D3 /* Sources */ = {
			isa = PBXSourcesBuildPhase;
			buildActionMask = 2147483647;
			files = (
				EA34652A2A0D2714005C1254 /* TallyScoreboardView.swift in Sources */,
				EAD3A6B52A08EE650085B9D3 /* EurovisionServiceManager.swift in Sources */,
				EA8D96362A094A38008B74CF /* VoteDetailView.swift in Sources */,
				EAD3A6B72A08EEAA0085B9D3 /* VoteModel.swift in Sources */,
				EA3465282A0D2679005C1254 /* TallyPoints12View.swift in Sources */,
				EA3465262A0D13F0005C1254 /* TallyListOf9View.swift in Sources */,
				EAD3A6B32A08D0FB0085B9D3 /* VotesSummaryView.swift in Sources */,
				EA34652C2A0D2BAB005C1254 /* TallyWinnerDeterminedView.swift in Sources */,
				EA8557B92A0BCE4F005C5214 /* TallyStartView.swift in Sources */,
				EA8557BB2A0BD095005C5214 /* TallyManagerView.swift in Sources */,
				EAD3A6A62A08D0CC0085B9D3 /* ContentView.swift in Sources */,
				EA34652E2A0D2BC8005C1254 /* TallyFinalView.swift in Sources */,
				EA0A7F982A0FB90200E02854 /* TallyListOf9CellView.swift in Sources */,
				EAD3A6A42A08D0CC0085B9D3 /* EurovisionAdminAppApp.swift in Sources */,
				EA8363172A0F7C9C00FA2678 /* VoteDetailCellView.swift in Sources */,
				EA3465242A0D137F005C1254 /* TallyCountryView.swift in Sources */,
				EA3465212A0D0F3B005C1254 /* Constants.swift in Sources */,
				EA3465302A0D326C005C1254 /* Scoreboard.swift in Sources */,
			);
			runOnlyForDeploymentPostprocessing = 0;
		};
/* End PBXSourcesBuildPhase section */

/* Begin XCBuildConfiguration section */
		EAD3A6AD2A08D0CF0085B9D3 /* Debug */ = {
			isa = XCBuildConfiguration;
			buildSettings = {
				ALWAYS_SEARCH_USER_PATHS = NO;
				CLANG_ANALYZER_NONNULL = YES;
				CLANG_ANALYZER_NUMBER_OBJECT_CONVERSION = YES_AGGRESSIVE;
				CLANG_CXX_LANGUAGE_STANDARD = "gnu++20";
				CLANG_ENABLE_MODULES = YES;
				CLANG_ENABLE_OBJC_ARC = YES;
				CLANG_ENABLE_OBJC_WEAK = YES;
				CLANG_WARN_BLOCK_CAPTURE_AUTORELEASING = YES;
				CLANG_WARN_BOOL_CONVERSION = YES;
				CLANG_WARN_COMMA = YES;
				CLANG_WARN_CONSTANT_CONVERSION = YES;
				CLANG_WARN_DEPRECATED_OBJC_IMPLEMENTATIONS = YES;
				CLANG_WARN_DIRECT_OBJC_ISA_USAGE = YES_ERROR;
				CLANG_WARN_DOCUMENTATION_COMMENTS = YES;
				CLANG_WARN_EMPTY_BODY = YES;
				CLANG_WARN_ENUM_CONVERSION = YES;
				CLANG_WARN_INFINITE_RECURSION = YES;
				CLANG_WARN_INT_CONVERSION = YES;
				CLANG_WARN_NON_LITERAL_NULL_CONVERSION = YES;
				CLANG_WARN_OBJC_IMPLICIT_RETAIN_SELF = YES;
				CLANG_WARN_OBJC_LITERAL_CONVERSION = YES;
				CLANG_WARN_OBJC_ROOT_CLASS = YES_ERROR;
				CLANG_WARN_QUOTED_INCLUDE_IN_FRAMEWORK_HEADER = YES;
				CLANG_WARN_RANGE_LOOP_ANALYSIS = YES;
				CLANG_WARN_STRICT_PROTOTYPES = YES;
				CLANG_WARN_SUSPICIOUS_MOVE = YES;
				CLANG_WARN_UNGUARDED_AVAILABILITY = YES_AGGRESSIVE;
				CLANG_WARN_UNREACHABLE_CODE = YES;
				CLANG_WARN__DUPLICATE_METHOD_MATCH = YES;
				COPY_PHASE_STRIP = NO;
				DEBUG_INFORMATION_FORMAT = dwarf;
				ENABLE_STRICT_OBJC_MSGSEND = YES;
				ENABLE_TESTABILITY = YES;
				GCC_C_LANGUAGE_STANDARD = gnu11;
				GCC_DYNAMIC_NO_PIC = NO;
				GCC_NO_COMMON_BLOCKS = YES;
				GCC_OPTIMIZATION_LEVEL = 0;
				GCC_PREPROCESSOR_DEFINITIONS = (
					"DEBUG=1",
					"$(inherited)",
				);
				GCC_WARN_64_TO_32_BIT_CONVERSION = YES;
				GCC_WARN_ABOUT_RETURN_TYPE = YES_ERROR;
				GCC_WARN_UNDECLARED_SELECTOR = YES;
				GCC_WARN_UNINITIALIZED_AUTOS = YES_AGGRESSIVE;
				GCC_WARN_UNUSED_FUNCTION = YES;
				GCC_WARN_UNUSED_VARIABLE = YES;
				MACOSX_DEPLOYMENT_TARGET = 13.2;
				MTL_ENABLE_DEBUG_INFO = INCLUDE_SOURCE;
				MTL_FAST_MATH = YES;
				ONLY_ACTIVE_ARCH = YES;
				SDKROOT = macosx;
				SWIFT_ACTIVE_COMPILATION_CONDITIONS = DEBUG;
				SWIFT_OPTIMIZATION_LEVEL = "-Onone";
			};
			name = Debug;
		};
		EAD3A6AE2A08D0CF0085B9D3 /* Release */ = {
			isa = XCBuildConfiguration;
			buildSettings = {
				ALWAYS_SEARCH_USER_PATHS = NO;
				CLANG_ANALYZER_NONNULL = YES;
				CLANG_ANALYZER_NUMBER_OBJECT_CONVERSION = YES_AGGRESSIVE;
				CLANG_CXX_LANGUAGE_STANDARD = "gnu++20";
				CLANG_ENABLE_MODULES = YES;
				CLANG_ENABLE_OBJC_ARC = YES;
				CLANG_ENABLE_OBJC_WEAK = YES;
				CLANG_WARN_BLOCK_CAPTURE_AUTORELEASING = YES;
				CLANG_WARN_BOOL_CONVERSION = YES;
				CLANG_WARN_COMMA = YES;
				CLANG_WARN_CONSTANT_CONVERSION = YES;
				CLANG_WARN_DEPRECATED_OBJC_IMPLEMENTATIONS = YES;
				CLANG_WARN_DIRECT_OBJC_ISA_USAGE = YES_ERROR;
				CLANG_WARN_DOCUMENTATION_COMMENTS = YES;
				CLANG_WARN_EMPTY_BODY = YES;
				CLANG_WARN_ENUM_CONVERSION = YES;
				CLANG_WARN_INFINITE_RECURSION = YES;
				CLANG_WARN_INT_CONVERSION = YES;
				CLANG_WARN_NON_LITERAL_NULL_CONVERSION = YES;
				CLANG_WARN_OBJC_IMPLICIT_RETAIN_SELF = YES;
				CLANG_WARN_OBJC_LITERAL_CONVERSION = YES;
				CLANG_WARN_OBJC_ROOT_CLASS = YES_ERROR;
				CLANG_WARN_QUOTED_INCLUDE_IN_FRAMEWORK_HEADER = YES;
				CLANG_WARN_RANGE_LOOP_ANALYSIS = YES;
				CLANG_WARN_STRICT_PROTOTYPES = YES;
				CLANG_WARN_SUSPICIOUS_MOVE = YES;
				CLANG_WARN_UNGUARDED_AVAILABILITY = YES_AGGRESSIVE;
				CLANG_WARN_UNREACHABLE_CODE = YES;
				CLANG_WARN__DUPLICATE_METHOD_MATCH = YES;
				COPY_PHASE_STRIP = NO;
				DEBUG_INFORMATION_FORMAT = "dwarf-with-dsym";
				ENABLE_NS_ASSERTIONS = NO;
				ENABLE_STRICT_OBJC_MSGSEND = YES;
				GCC_C_LANGUAGE_STANDARD = gnu11;
				GCC_NO_COMMON_BLOCKS = YES;
				GCC_WARN_64_TO_32_BIT_CONVERSION = YES;
				GCC_WARN_ABOUT_RETURN_TYPE = YES_ERROR;
				GCC_WARN_UNDECLARED_SELECTOR = YES;
				GCC_WARN_UNINITIALIZED_AUTOS = YES_AGGRESSIVE;
				GCC_WARN_UNUSED_FUNCTION = YES;
				GCC_WARN_UNUSED_VARIABLE = YES;
				MACOSX_DEPLOYMENT_TARGET = 13.2;
				MTL_ENABLE_DEBUG_INFO = NO;
				MTL_FAST_MATH = YES;
				SDKROOT = macosx;
				SWIFT_COMPILATION_MODE = wholemodule;
				SWIFT_OPTIMIZATION_LEVEL = "-O";
			};
			name = Release;
		};
		EAD3A6B02A08D0CF0085B9D3 /* Debug */ = {
			isa = XCBuildConfiguration;
			buildSettings = {
				ASSETCATALOG_COMPILER_APPICON_NAME = AppIcon;
				ASSETCATALOG_COMPILER_GLOBAL_ACCENT_COLOR_NAME = AccentColor;
				ASSETCATALOG_COMPILER_INCLUDE_ALL_APPICON_ASSETS = YES;
				CODE_SIGN_ENTITLEMENTS = EurovisionAdminApp/EurovisionAdminApp.entitlements;
				"CODE_SIGN_IDENTITY[sdk=macosx*]" = "Apple Development";
				CODE_SIGN_STYLE = Automatic;
				COMBINE_HIDPI_IMAGES = YES;
				CURRENT_PROJECT_VERSION = 1;
				DEVELOPMENT_ASSET_PATHS = "\"EurovisionAdminApp/Preview Content\"";
				DEVELOPMENT_TEAM = YL76G72LQS;
				ENABLE_HARDENED_RUNTIME = YES;
				ENABLE_PREVIEWS = YES;
				GENERATE_INFOPLIST_FILE = YES;
				INFOPLIST_FILE = EurovisionAdminApp/Info.plist;
				INFOPLIST_KEY_CFBundleDisplayName = "Eurovision Admin";
				INFOPLIST_KEY_LSApplicationCategoryType = "public.app-category.entertainment";
				INFOPLIST_KEY_NSHumanReadableCopyright = "";
				INFOPLIST_KEY_UIApplicationSupportsIndirectInputEvents = YES;
				INFOPLIST_KEY_UILaunchStoryboardName = LaunchScreen;
				INFOPLIST_KEY_UIStatusBarStyle = "";
				INFOPLIST_KEY_UISupportedInterfaceOrientations = UIInterfaceOrientationPortrait;
				INFOPLIST_KEY_UISupportedInterfaceOrientations_iPad = "UIInterfaceOrientationLandscapeLeft UIInterfaceOrientationLandscapeRight UIInterfaceOrientationPortrait UIInterfaceOrientationPortraitUpsideDown";
				IPHONEOS_DEPLOYMENT_TARGET = 16.3;
				LD_RUNPATH_SEARCH_PATHS = (
					"$(inherited)",
					"@executable_path/../Frameworks",
				);
				MARKETING_VERSION = 1.0;
				PRODUCT_BUNDLE_IDENTIFIER = com.ronaldnoronha.EurovisionAdminApp;
				PRODUCT_NAME = "$(TARGET_NAME)";
				SUPPORTED_PLATFORMS = "iphoneos iphonesimulator";
				SUPPORTS_MACCATALYST = NO;
				SUPPORTS_MAC_DESIGNED_FOR_IPHONE_IPAD = NO;
				SWIFT_EMIT_LOC_STRINGS = YES;
				SWIFT_VERSION = 5.0;
				TARGETED_DEVICE_FAMILY = "1,2";
			};
			name = Debug;
		};
		EAD3A6B12A08D0CF0085B9D3 /* Release */ = {
			isa = XCBuildConfiguration;
			buildSettings = {
				ASSETCATALOG_COMPILER_APPICON_NAME = AppIcon;
				ASSETCATALOG_COMPILER_GLOBAL_ACCENT_COLOR_NAME = AccentColor;
				ASSETCATALOG_COMPILER_INCLUDE_ALL_APPICON_ASSETS = YES;
				CODE_SIGN_ENTITLEMENTS = EurovisionAdminApp/EurovisionAdminApp.entitlements;
				"CODE_SIGN_IDENTITY[sdk=macosx*]" = "Apple Development";
				CODE_SIGN_STYLE = Automatic;
				COMBINE_HIDPI_IMAGES = YES;
				CURRENT_PROJECT_VERSION = 1;
				DEVELOPMENT_ASSET_PATHS = "\"EurovisionAdminApp/Preview Content\"";
				DEVELOPMENT_TEAM = YL76G72LQS;
				ENABLE_HARDENED_RUNTIME = YES;
				ENABLE_PREVIEWS = YES;
				GENERATE_INFOPLIST_FILE = YES;
				INFOPLIST_FILE = EurovisionAdminApp/Info.plist;
				INFOPLIST_KEY_CFBundleDisplayName = "Eurovision Admin";
				INFOPLIST_KEY_LSApplicationCategoryType = "public.app-category.entertainment";
				INFOPLIST_KEY_NSHumanReadableCopyright = "";
				INFOPLIST_KEY_UIApplicationSupportsIndirectInputEvents = YES;
				INFOPLIST_KEY_UILaunchStoryboardName = LaunchScreen;
				INFOPLIST_KEY_UIStatusBarStyle = "";
				INFOPLIST_KEY_UISupportedInterfaceOrientations = UIInterfaceOrientationPortrait;
				INFOPLIST_KEY_UISupportedInterfaceOrientations_iPad = "UIInterfaceOrientationLandscapeLeft UIInterfaceOrientationLandscapeRight UIInterfaceOrientationPortrait UIInterfaceOrientationPortraitUpsideDown";
				IPHONEOS_DEPLOYMENT_TARGET = 16.3;
				LD_RUNPATH_SEARCH_PATHS = (
					"$(inherited)",
					"@executable_path/../Frameworks",
				);
				MARKETING_VERSION = 1.0;
				PRODUCT_BUNDLE_IDENTIFIER = com.ronaldnoronha.EurovisionAdminApp;
				PRODUCT_NAME = "$(TARGET_NAME)";
				SUPPORTED_PLATFORMS = "iphoneos iphonesimulator";
				SUPPORTS_MACCATALYST = NO;
				SUPPORTS_MAC_DESIGNED_FOR_IPHONE_IPAD = NO;
				SWIFT_EMIT_LOC_STRINGS = YES;
				SWIFT_VERSION = 5.0;
				TARGETED_DEVICE_FAMILY = "1,2";
			};
			name = Release;
		};
/* End XCBuildConfiguration section */

/* Begin XCConfigurationList section */
		EAD3A69B2A08D0CB0085B9D3 /* Build configuration list for PBXProject "EurovisionAdminApp" */ = {
			isa = XCConfigurationList;
			buildConfigurations = (
				EAD3A6AD2A08D0CF0085B9D3 /* Debug */,
				EAD3A6AE2A08D0CF0085B9D3 /* Release */,
			);
			defaultConfigurationIsVisible = 0;
			defaultConfigurationName = Release;
		};
		EAD3A6AF2A08D0CF0085B9D3 /* Build configuration list for PBXNativeTarget "EurovisionAdminApp" */ = {
			isa = XCConfigurationList;
			buildConfigurations = (
				EAD3A6B02A08D0CF0085B9D3 /* Debug */,
				EAD3A6B12A08D0CF0085B9D3 /* Release */,
			);
			defaultConfigurationIsVisible = 0;
			defaultConfigurationName = Release;
		};
/* End XCConfigurationList section */
	};
	rootObject = EAD3A6982A08D0CB0085B9D3 /* Project object */;
}
