// !$*UTF8*$!
{
	archiveVersion = 1;
	classes = {
	};
	objectVersion = 56;
	objects = {

/* Begin PBXBuildFile section */
		EAD3A6A42A08D0CC0085B9D3 /* EurovisionAdminAppApp.swift in Sources */ = {isa = PBXBuildFile; fileRef = EAD3A6A32A08D0CC0085B9D3 /* EurovisionAdminAppApp.swift */; };
		EAD3A6A62A08D0CC0085B9D3 /* ContentView.swift in Sources */ = {isa = PBXBuildFile; fileRef = EAD3A6A52A08D0CC0085B9D3 /* ContentView.swift */; };
		EAD3A6A82A08D0CF0085B9D3 /* Assets.xcassets in Resources */ = {isa = PBXBuildFile; fileRef = EAD3A6A72A08D0CF0085B9D3 /* Assets.xcassets */; };
		EAD3A6AB2A08D0CF0085B9D3 /* Preview Assets.xcassets in Resources */ = {isa = PBXBuildFile; fileRef = EAD3A6AA2A08D0CF0085B9D3 /* Preview Assets.xcassets */; };
		EAD3A6B32A08D0FB0085B9D3 /* VotesSummaryView.swift in Sources */ = {isa = PBXBuildFile; fileRef = EAD3A6B22A08D0FB0085B9D3 /* VotesSummaryView.swift */; };
		EAD3A6B52A08EE650085B9D3 /* EurovisionServiceManager.swift in Sources */ = {isa = PBXBuildFile; fileRef = EAD3A6B42A08EE650085B9D3 /* EurovisionServiceManager.swift */; };
		EAD3A6B72A08EEAA0085B9D3 /* VoteModel.swift in Sources */ = {isa = PBXBuildFile; fileRef = EAD3A6B62A08EEAA0085B9D3 /* VoteModel.swift */; };
/* End PBXBuildFile section */

/* Begin PBXFileReference section */
		EAD3A6A02A08D0CB0085B9D3 /* EurovisionAdminApp.app */ = {isa = PBXFileReference; explicitFileType = wrapper.application; includeInIndex = 0; path = EurovisionAdminApp.app; sourceTree = BUILT_PRODUCTS_DIR; };
		EAD3A6A32A08D0CC0085B9D3 /* EurovisionAdminAppApp.swift */ = {isa = PBXFileReference; lastKnownFileType = sourcecode.swift; path = EurovisionAdminAppApp.swift; sourceTree = "<group>"; };
		EAD3A6A52A08D0CC0085B9D3 /* ContentView.swift */ = {isa = PBXFileReference; lastKnownFileType = sourcecode.swift; path = ContentView.swift; sourceTree = "<group>"; };
		EAD3A6A72A08D0CF0085B9D3 /* Assets.xcassets */ = {isa = PBXFileReference; lastKnownFileType = folder.assetcatalog; path = Assets.xcassets; sourceTree = "<group>"; };
		EAD3A6AA2A08D0CF0085B9D3 /* Preview Assets.xcassets */ = {isa = PBXFileReference; lastKnownFileType = folder.assetcatalog; path = "Preview Assets.xcassets"; sourceTree = "<group>"; };
		EAD3A6AC2A08D0CF0085B9D3 /* EurovisionAdminApp.entitlements */ = {isa = PBXFileReference; lastKnownFileType = text.plist.entitlements; path = EurovisionAdminApp.entitlements; sourceTree = "<group>"; };
		EAD3A6B22A08D0FB0085B9D3 /* VotesSummaryView.swift */ = {isa = PBXFileReference; lastKnownFileType = sourcecode.swift; path = VotesSummaryView.swift; sourceTree = "<group>"; };
		EAD3A6B42A08EE650085B9D3 /* EurovisionServiceManager.swift */ = {isa = PBXFileReference; lastKnownFileType = sourcecode.swift; path = EurovisionServiceManager.swift; sourceTree = "<group>"; };
		EAD3A6B62A08EEAA0085B9D3 /* VoteModel.swift */ = {isa = PBXFileReference; lastKnownFileType = sourcecode.swift; path = VoteModel.swift; sourceTree = "<group>"; };
/* End PBXFileReference section */

/* Begin PBXFrameworksBuildPhase section */
		EAD3A69D2A08D0CB0085B9D3 /* Frameworks */ = {
			isa = PBXFrameworksBuildPhase;
			buildActionMask = 2147483647;
			files = (
			);
			runOnlyForDeploymentPostprocessing = 0;
		};
/* End PBXFrameworksBuildPhase section */

/* Begin PBXGroup section */
		EAD3A6972A08D0CB0085B9D3 = {
			isa = PBXGroup;
			children = (
				EAD3A6A22A08D0CB0085B9D3 /* EurovisionAdminApp */,
				EAD3A6A12A08D0CB0085B9D3 /* Products */,
			);
			sourceTree = "<group>";
		};
		EAD3A6A12A08D0CB0085B9D3 /* Products */ = {
			isa = PBXGroup;
			children = (
				EAD3A6A02A08D0CB0085B9D3 /* EurovisionAdminApp.app */,
			);
			name = Products;
			sourceTree = "<group>";
		};
		EAD3A6A22A08D0CB0085B9D3 /* EurovisionAdminApp */ = {
			isa = PBXGroup;
			children = (
				EAD3A6A32A08D0CC0085B9D3 /* EurovisionAdminAppApp.swift */,
				EAD3A6B22A08D0FB0085B9D3 /* VotesSummaryView.swift */,
				EAD3A6A52A08D0CC0085B9D3 /* ContentView.swift */,
				EAD3A6A72A08D0CF0085B9D3 /* Assets.xcassets */,
				EAD3A6AC2A08D0CF0085B9D3 /* EurovisionAdminApp.entitlements */,
				EAD3A6A92A08D0CF0085B9D3 /* Preview Content */,
				EAD3A6B42A08EE650085B9D3 /* EurovisionServiceManager.swift */,
				EAD3A6B62A08EEAA0085B9D3 /* VoteModel.swift */,
			);
			path = EurovisionAdminApp;
			sourceTree = "<group>";
		};
		EAD3A6A92A08D0CF0085B9D3 /* Preview Content */ = {
			isa = PBXGroup;
			children = (
				EAD3A6AA2A08D0CF0085B9D3 /* Preview Assets.xcassets */,
			);
			path = "Preview Content";
			sourceTree = "<group>";
		};
/* End PBXGroup section */

/* Begin PBXNativeTarget section */
		EAD3A69F2A08D0CB0085B9D3 /* EurovisionAdminApp */ = {
			isa = PBXNativeTarget;
			buildConfigurationList = EAD3A6AF2A08D0CF0085B9D3 /* Build configuration list for PBXNativeTarget "EurovisionAdminApp" */;
			buildPhases = (
				EAD3A69C2A08D0CB0085B9D3 /* Sources */,
				EAD3A69D2A08D0CB0085B9D3 /* Frameworks */,
				EAD3A69E2A08D0CB0085B9D3 /* Resources */,
			);
			buildRules = (
			);
			dependencies = (
			);
			name = EurovisionAdminApp;
			productName = EurovisionAdminApp;
			productReference = EAD3A6A02A08D0CB0085B9D3 /* EurovisionAdminApp.app */;
			productType = "com.apple.product-type.application";
		};
/* End PBXNativeTarget section */

/* Begin PBXProject section */
		EAD3A6982A08D0CB0085B9D3 /* Project object */ = {
			isa = PBXProject;
			attributes = {
				BuildIndependentTargetsInParallel = 1;
				LastSwiftUpdateCheck = 1430;
				LastUpgradeCheck = 1430;
				TargetAttributes = {
					EAD3A69F2A08D0CB0085B9D3 = {
						CreatedOnToolsVersion = 14.3;
					};
				};
			};
			buildConfigurationList = EAD3A69B2A08D0CB0085B9D3 /* Build configuration list for PBXProject "EurovisionAdminApp" */;
			compatibilityVersion = "Xcode 14.0";
			developmentRegion = en;
			hasScannedForEncodings = 0;
			knownRegions = (
				en,
				Base,
			);
			mainGroup = EAD3A6972A08D0CB0085B9D3;
			productRefGroup = EAD3A6A12A08D0CB0085B9D3 /* Products */;
			projectDirPath = "";
			projectRoot = "";
			targets = (
				EAD3A69F2A08D0CB0085B9D3 /* EurovisionAdminApp */,
			);
		};
/* End PBXProject section */

/* Begin PBXResourcesBuildPhase section */
		EAD3A69E2A08D0CB0085B9D3 /* Resources */ = {
			isa = PBXResourcesBuildPhase;
			buildActionMask = 2147483647;
			files = (
				EAD3A6AB2A08D0CF0085B9D3 /* Preview Assets.xcassets in Resources */,
				EAD3A6A82A08D0CF0085B9D3 /* Assets.xcassets in Resources */,
			);
			runOnlyForDeploymentPostprocessing = 0;
		};
/* End PBXResourcesBuildPhase section */

/* Begin PBXSourcesBuildPhase section */
		EAD3A69C2A08D0CB0085B9D3 /* Sources */ = {
			isa = PBXSourcesBuildPhase;
			buildActionMask = 2147483647;
			files = (
				EAD3A6B52A08EE650085B9D3 /* EurovisionServiceManager.swift in Sources */,
				EAD3A6B72A08EEAA0085B9D3 /* VoteModel.swift in Sources */,
				EAD3A6B32A08D0FB0085B9D3 /* VotesSummaryView.swift in Sources */,
				EAD3A6A62A08D0CC0085B9D3 /* ContentView.swift in Sources */,
				EAD3A6A42A08D0CC0085B9D3 /* EurovisionAdminAppApp.swift in Sources */,
			);
			runOnlyForDeploymentPostprocessing = 0;
		};
/* End PBXSourcesBuildPhase section */

/* Begin XCBuildConfiguration section */
		EAD3A6AD2A08D0CF0085B9D3 /* Debug */ = {
			isa = XCBuildConfiguration;
			buildSettings = {
				ALWAYS_SEARCH_USER_PATHS = NO;
				CLANG_ANALYZER_NONNULL = YES;
				CLANG_ANALYZER_NUMBER_OBJECT_CONVERSION = YES_AGGRESSIVE;
				CLANG_CXX_LANGUAGE_STANDARD = "gnu++20";
				CLANG_ENABLE_MODULES = YES;
				CLANG_ENABLE_OBJC_ARC = YES;
				CLANG_ENABLE_OBJC_WEAK = YES;
				CLANG_WARN_BLOCK_CAPTURE_AUTORELEASING = YES;
				CLANG_WARN_BOOL_CONVERSION = YES;
				CLANG_WARN_COMMA = YES;
				CLANG_WARN_CONSTANT_CONVERSION = YES;
				CLANG_WARN_DEPRECATED_OBJC_IMPLEMENTATIONS = YES;
				CLANG_WARN_DIRECT_OBJC_ISA_USAGE = YES_ERROR;
				CLANG_WARN_DOCUMENTATION_COMMENTS = YES;
				CLANG_WARN_EMPTY_BODY = YES;
				CLANG_WARN_ENUM_CONVERSION = YES;
				CLANG_WARN_INFINITE_RECURSION = YES;
				CLANG_WARN_INT_CONVERSION = YES;
				CLANG_WARN_NON_LITERAL_NULL_CONVERSION = YES;
				CLANG_WARN_OBJC_IMPLICIT_RETAIN_SELF = YES;
				CLANG_WARN_OBJC_LITERAL_CONVERSION = YES;
				CLANG_WARN_OBJC_ROOT_CLASS = YES_ERROR;
				CLANG_WARN_QUOTED_INCLUDE_IN_FRAMEWORK_HEADER = YES;
				CLANG_WARN_RANGE_LOOP_ANALYSIS = YES;
				CLANG_WARN_STRICT_PROTOTYPES = YES;
				CLANG_WARN_SUSPICIOUS_MOVE = YES;
				CLANG_WARN_UNGUARDED_AVAILABILITY = YES_AGGRESSIVE;
				CLANG_WARN_UNREACHABLE_CODE = YES;
				CLANG_WARN__DUPLICATE_METHOD_MATCH = YES;
				COPY_PHASE_STRIP = NO;
				DEBUG_INFORMATION_FORMAT = dwarf;
				ENABLE_STRICT_OBJC_MSGSEND = YES;
				ENABLE_TESTABILITY = YES;
				GCC_C_LANGUAGE_STANDARD = gnu11;
				GCC_DYNAMIC_NO_PIC = NO;
				GCC_NO_COMMON_BLOCKS = YES;
				GCC_OPTIMIZATION_LEVEL = 0;
				GCC_PREPROCESSOR_DEFINITIONS = (
					"DEBUG=1",
					"$(inherited)",
				);
				GCC_WARN_64_TO_32_BIT_CONVERSION = YES;
				GCC_WARN_ABOUT_RETURN_TYPE = YES_ERROR;
				GCC_WARN_UNDECLARED_SELECTOR = YES;
				GCC_WARN_UNINITIALIZED_AUTOS = YES_AGGRESSIVE;
				GCC_WARN_UNUSED_FUNCTION = YES;
				GCC_WARN_UNUSED_VARIABLE = YES;
				MACOSX_DEPLOYMENT_TARGET = 13.2;
				MTL_ENABLE_DEBUG_INFO = INCLUDE_SOURCE;
				MTL_FAST_MATH = YES;
				ONLY_ACTIVE_ARCH = YES;
				SDKROOT = macosx;
				SWIFT_ACTIVE_COMPILATION_CONDITIONS = DEBUG;
				SWIFT_OPTIMIZATION_LEVEL = "-Onone";
			};
			name = Debug;
		};
		EAD3A6AE2A08D0CF0085B9D3 /* Release */ = {
			isa = XCBuildConfiguration;
			buildSettings = {
				ALWAYS_SEARCH_USER_PATHS = NO;
				CLANG_ANALYZER_NONNULL = YES;
				CLANG_ANALYZER_NUMBER_OBJECT_CONVERSION = YES_AGGRESSIVE;
				CLANG_CXX_LANGUAGE_STANDARD = "gnu++20";
				CLANG_ENABLE_MODULES = YES;
				CLANG_ENABLE_OBJC_ARC = YES;
				CLANG_ENABLE_OBJC_WEAK = YES;
				CLANG_WARN_BLOCK_CAPTURE_AUTORELEASING = YES;
				CLANG_WARN_BOOL_CONVERSION = YES;
				CLANG_WARN_COMMA = YES;
				CLANG_WARN_CONSTANT_CONVERSION = YES;
				CLANG_WARN_DEPRECATED_OBJC_IMPLEMENTATIONS = YES;
				CLANG_WARN_DIRECT_OBJC_ISA_USAGE = YES_ERROR;
				CLANG_WARN_DOCUMENTATION_COMMENTS = YES;
				CLANG_WARN_EMPTY_BODY = YES;
				CLANG_WARN_ENUM_CONVERSION = YES;
				CLANG_WARN_INFINITE_RECURSION = YES;
				CLANG_WARN_INT_CONVERSION = YES;
				CLANG_WARN_NON_LITERAL_NULL_CONVERSION = YES;
				CLANG_WARN_OBJC_IMPLICIT_RETAIN_SELF = YES;
				CLANG_WARN_OBJC_LITERAL_CONVERSION = YES;
				CLANG_WARN_OBJC_ROOT_CLASS = YES_ERROR;
				CLANG_WARN_QUOTED_INCLUDE_IN_FRAMEWORK_HEADER = YES;
				CLANG_WARN_RANGE_LOOP_ANALYSIS = YES;
				CLANG_WARN_STRICT_PROTOTYPES = YES;
				CLANG_WARN_SUSPICIOUS_MOVE = YES;
				CLANG_WARN_UNGUARDED_AVAILABILITY = YES_AGGRESSIVE;
				CLANG_WARN_UNREACHABLE_CODE = YES;
				CLANG_WARN__DUPLICATE_METHOD_MATCH = YES;
				COPY_PHASE_STRIP = NO;
				DEBUG_INFORMATION_FORMAT = "dwarf-with-dsym";
				ENABLE_NS_ASSERTIONS = NO;
				ENABLE_STRICT_OBJC_MSGSEND = YES;
				GCC_C_LANGUAGE_STANDARD = gnu11;
				GCC_NO_COMMON_BLOCKS = YES;
				GCC_WARN_64_TO_32_BIT_CONVERSION = YES;
				GCC_WARN_ABOUT_RETURN_TYPE = YES_ERROR;
				GCC_WARN_UNDECLARED_SELECTOR = YES;
				GCC_WARN_UNINITIALIZED_AUTOS = YES_AGGRESSIVE;
				GCC_WARN_UNUSED_FUNCTION = YES;
				GCC_WARN_UNUSED_VARIABLE = YES;
				MACOSX_DEPLOYMENT_TARGET = 13.2;
				MTL_ENABLE_DEBUG_INFO = NO;
				MTL_FAST_MATH = YES;
				SDKROOT = macosx;
				SWIFT_COMPILATION_MODE = wholemodule;
				SWIFT_OPTIMIZATION_LEVEL = "-O";
			};
			name = Release;
		};
		EAD3A6B02A08D0CF0085B9D3 /* Debug */ = {
			isa = XCBuildConfiguration;
			buildSettings = {
				ASSETCATALOG_COMPILER_APPICON_NAME = AppIcon;
				ASSETCATALOG_COMPILER_GLOBAL_ACCENT_COLOR_NAME = AccentColor;
				CODE_SIGN_ENTITLEMENTS = EurovisionAdminApp/EurovisionAdminApp.entitlements;
				CODE_SIGN_STYLE = Automatic;
				COMBINE_HIDPI_IMAGES = YES;
				CURRENT_PROJECT_VERSION = 1;
				DEVELOPMENT_ASSET_PATHS = "\"EurovisionAdminApp/Preview Content\"";
				DEVELOPMENT_TEAM = YL76G72LQS;
				ENABLE_HARDENED_RUNTIME = YES;
				ENABLE_PREVIEWS = YES;
				GENERATE_INFOPLIST_FILE = YES;
				INFOPLIST_KEY_NSHumanReadableCopyright = "";
				LD_RUNPATH_SEARCH_PATHS = (
					"$(inherited)",
					"@executable_path/../Frameworks",
				);
				MARKETING_VERSION = 1.0;
				PRODUCT_BUNDLE_IDENTIFIER = com.ronaldnoronha.EurovisionAdminApp;
				PRODUCT_NAME = "$(TARGET_NAME)";
				SUPPORTED_PLATFORMS = "iphoneos iphonesimulator macosx";
				SUPPORTS_MACCATALYST = NO;
				SUPPORTS_MAC_DESIGNED_FOR_IPHONE_IPAD = NO;
				SWIFT_EMIT_LOC_STRINGS = YES;
				SWIFT_VERSION = 5.0;
				TARGETED_DEVICE_FAMILY = "1,2";
			};
			name = Debug;
		};
		EAD3A6B12A08D0CF0085B9D3 /* Release */ = {
			isa = XCBuildConfiguration;
			buildSettings = {
				ASSETCATALOG_COMPILER_APPICON_NAME = AppIcon;
				ASSETCATALOG_COMPILER_GLOBAL_ACCENT_COLOR_NAME = AccentColor;
				CODE_SIGN_ENTITLEMENTS = EurovisionAdminApp/EurovisionAdminApp.entitlements;
				CODE_SIGN_STYLE = Automatic;
				COMBINE_HIDPI_IMAGES = YES;
				CURRENT_PROJECT_VERSION = 1;
				DEVELOPMENT_ASSET_PATHS = "\"EurovisionAdminApp/Preview Content\"";
				DEVELOPMENT_TEAM = YL76G72LQS;
				ENABLE_HARDENED_RUNTIME = YES;
				ENABLE_PREVIEWS = YES;
				GENERATE_INFOPLIST_FILE = YES;
				INFOPLIST_KEY_NSHumanReadableCopyright = "";
				LD_RUNPATH_SEARCH_PATHS = (
					"$(inherited)",
					"@executable_path/../Frameworks",
				);
				MARKETING_VERSION = 1.0;
				PRODUCT_BUNDLE_IDENTIFIER = com.ronaldnoronha.EurovisionAdminApp;
				PRODUCT_NAME = "$(TARGET_NAME)";
				SUPPORTED_PLATFORMS = "iphoneos iphonesimulator macosx";
				SUPPORTS_MACCATALYST = NO;
				SUPPORTS_MAC_DESIGNED_FOR_IPHONE_IPAD = NO;
				SWIFT_EMIT_LOC_STRINGS = YES;
				SWIFT_VERSION = 5.0;
				TARGETED_DEVICE_FAMILY = "1,2";
			};
			name = Release;
		};
/* End XCBuildConfiguration section */

/* Begin XCConfigurationList section */
		EAD3A69B2A08D0CB0085B9D3 /* Build configuration list for PBXProject "EurovisionAdminApp" */ = {
			isa = XCConfigurationList;
			buildConfigurations = (
				EAD3A6AD2A08D0CF0085B9D3 /* Debug */,
				EAD3A6AE2A08D0CF0085B9D3 /* Release */,
			);
			defaultConfigurationIsVisible = 0;
			defaultConfigurationName = Release;
		};
		EAD3A6AF2A08D0CF0085B9D3 /* Build configuration list for PBXNativeTarget "EurovisionAdminApp" */ = {
			isa = XCConfigurationList;
			buildConfigurations = (
				EAD3A6B02A08D0CF0085B9D3 /* Debug */,
				EAD3A6B12A08D0CF0085B9D3 /* Release */,
			);
			defaultConfigurationIsVisible = 0;
			defaultConfigurationName = Release;
		};
/* End XCConfigurationList section */
	};
	rootObject = EAD3A6982A08D0CB0085B9D3 /* Project object */;
}
